
Microsoft Visual Studio Solution File, Format Version 12.00
Project("{FAE04EC0-301F-11D3-BF4B-00C04F79EFBC}") = "ConsoleApplication", "ConsoleApplication\ConsoleApplication.csproj", "{85E4CA6B-D54C-421D-9ECF-981026DC2663}"
EndProject
Project("{FAE04EC0-301F-11D3-BF4B-00C04F79EFBC}") = "NetCoreConsole.Common", "NetCoreConsole.Common\NetCoreConsole.Common.csproj", "{CA71AA97-5E9A-4C29-93D1-DFAC7FBCF14E}"
EndProject
Project("{FAE04EC0-301F-11D3-BF4B-00C04F79EFBC}") = "NetCoreConsole.Service.Core", "NetCoreConsole.Service.Core\NetCoreConsole.Service.Core.csproj", "{FE898007-CFE1-4CC4-9753-E5CA61889F29}"
EndProject
Project("{FAE04EC0-301F-11D3-BF4B-00C04F79EFBC}") = "NetCoreConsole.PostgreSql", "NetCoreConsole.PostgreSql\NetCoreConsole.PostgreSql.csproj", "{F2973EE5-FC1E-4467-91CC-C37F584E332D}"
EndProject
Project("{FAE04EC0-301F-11D3-BF4B-00C04F79EFBC}") = "NetCoreConsole.Core", "NetCoreConsole.Core\NetCoreConsole.Core.csproj", "{F44B753E-D2AE-4AE2-9F9F-703CEF8DB423}"
EndProject
Project("{FAE04EC0-301F-11D3-BF4B-00C04F79EFBC}") = "NetCoreConsole.Service", "NetCoreConsole.Service\NetCoreConsole.Service.csproj", "{C61565B2-CFD1-46C8-97F3-2D3662F1D2E8}"
EndProject
Global
	GlobalSection(SolutionConfigurationPlatforms) = preSolution
		Debug|Any CPU = Debug|Any CPU
		Release|Any CPU = Release|Any CPU
	EndGlobalSection
	GlobalSection(ProjectConfigurationPlatforms) = postSolution
		{85E4CA6B-D54C-421D-9ECF-981026DC2663}.Debug|Any CPU.ActiveCfg = Debug|Any CPU
		{85E4CA6B-D54C-421D-9ECF-981026DC2663}.Debug|Any CPU.Build.0 = Debug|Any CPU
		{85E4CA6B-D54C-421D-9ECF-981026DC2663}.Release|Any CPU.ActiveCfg = Release|Any CPU
		{85E4CA6B-D54C-421D-9ECF-981026DC2663}.Release|Any CPU.Build.0 = Release|Any CPU
		{CA71AA97-5E9A-4C29-93D1-DFAC7FBCF14E}.Debug|Any CPU.ActiveCfg = Debug|Any CPU
		{CA71AA97-5E9A-4C29-93D1-DFAC7FBCF14E}.Debug|Any CPU.Build.0 = Debug|Any CPU
		{CA71AA97-5E9A-4C29-93D1-DFAC7FBCF14E}.Release|Any CPU.ActiveCfg = Release|Any CPU
		{CA71AA97-5E9A-4C29-93D1-DFAC7FBCF14E}.Release|Any CPU.Build.0 = Release|Any CPU
		{FE898007-CFE1-4CC4-9753-E5CA61889F29}.Debug|Any CPU.ActiveCfg = Debug|Any CPU
		{FE898007-CFE1-4CC4-9753-E5CA61889F29}.Debug|Any CPU.Build.0 = Debug|Any CPU
		{FE898007-CFE1-4CC4-9753-E5CA61889F29}.Release|Any CPU.ActiveCfg = Release|Any CPU
		{FE898007-CFE1-4CC4-9753-E5CA61889F29}.Release|Any CPU.Build.0 = Release|Any CPU
		{F2973EE5-FC1E-4467-91CC-C37F584E332D}.Debug|Any CPU.ActiveCfg = Debug|Any CPU
		{F2973EE5-FC1E-4467-91CC-C37F584E332D}.Debug|Any CPU.Build.0 = Debug|Any CPU
		{F2973EE5-FC1E-4467-91CC-C37F584E332D}.Release|Any CPU.ActiveCfg = Release|Any CPU
		{F2973EE5-FC1E-4467-91CC-C37F584E332D}.Release|Any CPU.Build.0 = Release|Any CPU
		{F44B753E-D2AE-4AE2-9F9F-703CEF8DB423}.Debug|Any CPU.ActiveCfg = Debug|Any CPU
		{F44B753E-D2AE-4AE2-9F9F-703CEF8DB423}.Debug|Any CPU.Build.0 = Debug|Any CPU
		{F44B753E-D2AE-4AE2-9F9F-703CEF8DB423}.Release|Any CPU.ActiveCfg = Release|Any CPU
		{F44B753E-D2AE-4AE2-9F9F-703CEF8DB423}.Release|Any CPU.Build.0 = Release|Any CPU
		{C61565B2-CFD1-46C8-97F3-2D3662F1D2E8}.Debug|Any CPU.ActiveCfg = Debug|Any CPU
		{C61565B2-CFD1-46C8-97F3-2D3662F1D2E8}.Debug|Any CPU.Build.0 = Debug|Any CPU
		{C61565B2-CFD1-46C8-97F3-2D3662F1D2E8}.Release|Any CPU.ActiveCfg = Release|Any CPU
		{C61565B2-CFD1-46C8-97F3-2D3662F1D2E8}.Release|Any CPU.Build.0 = Release|Any CPU
	EndGlobalSection
EndGlobal
